// !$*UTF8*$!
{
	archiveVersion = 1;
	classes = {
	};
	objectVersion = 50;
	objects = {

/* Begin PBXBuildFile section */
		E8A22C37229FD5D300F376C7 /* ImageDetailsInteractor.swift in Sources */ = {isa = PBXBuildFile; fileRef = E8A22C36229FD5D300F376C7 /* ImageDetailsInteractor.swift */; };
		E8A22C39229FD8C700F376C7 /* Cartfile in Resources */ = {isa = PBXBuildFile; fileRef = E8A22C38229FD8C700F376C7 /* Cartfile */; };
		E8A22C3C229FD95600F376C7 /* SwiftyGif.framework in Frameworks */ = {isa = PBXBuildFile; fileRef = E8A22C3B229FD95600F376C7 /* SwiftyGif.framework */; };
		E8A22C3E229FD95800F376C7 /* SwiftyGif.framework in Embed Frameworks */ = {isa = PBXBuildFile; fileRef = E8A22C3B229FD95600F376C7 /* SwiftyGif.framework */; settings = {ATTRIBUTES = (CodeSignOnCopy, RemoveHeadersOnCopy, ); }; };
		E8B56A63229FCAFF00E1908D /* UICollectionViewCell+reuseIdentifier.swift in Sources */ = {isa = PBXBuildFile; fileRef = E8B56A62229FCAFF00E1908D /* UICollectionViewCell+reuseIdentifier.swift */; };
		E8B56A68229FD2F400E1908D /* ImageDetailsViewController.swift in Sources */ = {isa = PBXBuildFile; fileRef = E8B56A67229FD2F400E1908D /* ImageDetailsViewController.swift */; };
		E8B56A6B229FD35F00E1908D /* ImageDetailsBuilder.swift in Sources */ = {isa = PBXBuildFile; fileRef = E8B56A6A229FD35F00E1908D /* ImageDetailsBuilder.swift */; };
		E8B56A6E229FD3A900E1908D /* BrowserRouter.swift in Sources */ = {isa = PBXBuildFile; fileRef = E8B56A6D229FD3A900E1908D /* BrowserRouter.swift */; };
		E8EAF98B229FCA9000532A11 /* BrowserImageCell.swift in Sources */ = {isa = PBXBuildFile; fileRef = E8EAF98A229FCA9000532A11 /* BrowserImageCell.swift */; };
		E8F52EDF229FB3090082423C /* AppDelegate.swift in Sources */ = {isa = PBXBuildFile; fileRef = E8F52EDE229FB3090082423C /* AppDelegate.swift */; };
		E8F52EE6229FB30A0082423C /* Assets.xcassets in Resources */ = {isa = PBXBuildFile; fileRef = E8F52EE5229FB30A0082423C /* Assets.xcassets */; };
		E8F52EE9229FB30A0082423C /* LaunchScreen.storyboard in Resources */ = {isa = PBXBuildFile; fileRef = E8F52EE7229FB30A0082423C /* LaunchScreen.storyboard */; };
		E8F52EF4229FB30A0082423C /* GiphyBrowserTests.swift in Sources */ = {isa = PBXBuildFile; fileRef = E8F52EF3229FB30A0082423C /* GiphyBrowserTests.swift */; };
		E8F52EFF229FB35F0082423C /* BrowserViewController.swift in Sources */ = {isa = PBXBuildFile; fileRef = E8F52EFE229FB35F0082423C /* BrowserViewController.swift */; };
		E8F52F04229FB4340082423C /* GiphyImagesFetcher.swift in Sources */ = {isa = PBXBuildFile; fileRef = E8F52F03229FB4340082423C /* GiphyImagesFetcher.swift */; };
		E8F52F06229FB45D0082423C /* ImagesFetcher.swift in Sources */ = {isa = PBXBuildFile; fileRef = E8F52F05229FB45D0082423C /* ImagesFetcher.swift */; };
		E8F52F09229FB4C20082423C /* GifImage.swift in Sources */ = {isa = PBXBuildFile; fileRef = E8F52F08229FB4C20082423C /* GifImage.swift */; };
		E8F52F0C229FB58A0082423C /* ImagesResponse.swift in Sources */ = {isa = PBXBuildFile; fileRef = E8F52F0B229FB58A0082423C /* ImagesResponse.swift */; };
		E8F52F13229FB9FE0082423C /* HttpRequest.swift in Sources */ = {isa = PBXBuildFile; fileRef = E8F52F12229FB9FE0082423C /* HttpRequest.swift */; };
		E8F52F15229FBA070082423C /* HttpService.swift in Sources */ = {isa = PBXBuildFile; fileRef = E8F52F14229FBA070082423C /* HttpService.swift */; };
		E8F52F1A229FC2280082423C /* BrowserInteractor.swift in Sources */ = {isa = PBXBuildFile; fileRef = E8F52F19229FC2280082423C /* BrowserInteractor.swift */; };
		E8F52F1D229FC26A0082423C /* BrowserBuilder.swift in Sources */ = {isa = PBXBuildFile; fileRef = E8F52F1C229FC26A0082423C /* BrowserBuilder.swift */; };
/* End PBXBuildFile section */

/* Begin PBXContainerItemProxy section */
		E8F52EF0229FB30A0082423C /* PBXContainerItemProxy */ = {
			isa = PBXContainerItemProxy;
			containerPortal = E8F52ED3229FB3090082423C /* Project object */;
			proxyType = 1;
			remoteGlobalIDString = E8F52EDA229FB3090082423C;
			remoteInfo = GiphyBrowser;
		};
/* End PBXContainerItemProxy section */

/* Begin PBXCopyFilesBuildPhase section */
		E8A22C3F229FD95900F376C7 /* Embed Frameworks */ = {
			isa = PBXCopyFilesBuildPhase;
			buildActionMask = 2147483647;
			dstPath = "";
			dstSubfolderSpec = 10;
			files = (
				E8A22C3E229FD95800F376C7 /* SwiftyGif.framework in Embed Frameworks */,
			);
			name = "Embed Frameworks";
			runOnlyForDeploymentPostprocessing = 0;
		};
		E8A22C40229FD96500F376C7 /* CopyFiles */ = {
			isa = PBXCopyFilesBuildPhase;
			buildActionMask = 2147483647;
			dstPath = "";
			dstSubfolderSpec = 7;
			files = (
			);
			runOnlyForDeploymentPostprocessing = 0;
		};
/* End PBXCopyFilesBuildPhase section */

/* Begin PBXFileReference section */
		E8A22C36229FD5D300F376C7 /* ImageDetailsInteractor.swift */ = {isa = PBXFileReference; lastKnownFileType = sourcecode.swift; path = ImageDetailsInteractor.swift; sourceTree = "<group>"; };
		E8A22C38229FD8C700F376C7 /* Cartfile */ = {isa = PBXFileReference; lastKnownFileType = text; path = Cartfile; sourceTree = "<group>"; };
		E8A22C3B229FD95600F376C7 /* SwiftyGif.framework */ = {isa = PBXFileReference; lastKnownFileType = wrapper.framework; name = SwiftyGif.framework; path = Carthage/Build/iOS/SwiftyGif.framework; sourceTree = "<group>"; };
		E8B56A62229FCAFF00E1908D /* UICollectionViewCell+reuseIdentifier.swift */ = {isa = PBXFileReference; lastKnownFileType = sourcecode.swift; path = "UICollectionViewCell+reuseIdentifier.swift"; sourceTree = "<group>"; };
		E8B56A67229FD2F400E1908D /* ImageDetailsViewController.swift */ = {isa = PBXFileReference; lastKnownFileType = sourcecode.swift; path = ImageDetailsViewController.swift; sourceTree = "<group>"; };
		E8B56A6A229FD35F00E1908D /* ImageDetailsBuilder.swift */ = {isa = PBXFileReference; lastKnownFileType = sourcecode.swift; path = ImageDetailsBuilder.swift; sourceTree = "<group>"; };
		E8B56A6D229FD3A900E1908D /* BrowserRouter.swift */ = {isa = PBXFileReference; lastKnownFileType = sourcecode.swift; path = BrowserRouter.swift; sourceTree = "<group>"; };
		E8EAF98A229FCA9000532A11 /* BrowserImageCell.swift */ = {isa = PBXFileReference; lastKnownFileType = sourcecode.swift; path = BrowserImageCell.swift; sourceTree = "<group>"; };
		E8F52EDB229FB3090082423C /* GiphyBrowser.app */ = {isa = PBXFileReference; explicitFileType = wrapper.application; includeInIndex = 0; path = GiphyBrowser.app; sourceTree = BUILT_PRODUCTS_DIR; };
		E8F52EDE229FB3090082423C /* AppDelegate.swift */ = {isa = PBXFileReference; lastKnownFileType = sourcecode.swift; path = AppDelegate.swift; sourceTree = "<group>"; };
		E8F52EE5229FB30A0082423C /* Assets.xcassets */ = {isa = PBXFileReference; lastKnownFileType = folder.assetcatalog; path = Assets.xcassets; sourceTree = "<group>"; };
		E8F52EE8229FB30A0082423C /* Base */ = {isa = PBXFileReference; lastKnownFileType = file.storyboard; name = Base; path = Base.lproj/LaunchScreen.storyboard; sourceTree = "<group>"; };
		E8F52EEA229FB30A0082423C /* Info.plist */ = {isa = PBXFileReference; lastKnownFileType = text.plist.xml; path = Info.plist; sourceTree = "<group>"; };
		E8F52EEF229FB30A0082423C /* GiphyBrowserTests.xctest */ = {isa = PBXFileReference; explicitFileType = wrapper.cfbundle; includeInIndex = 0; path = GiphyBrowserTests.xctest; sourceTree = BUILT_PRODUCTS_DIR; };
		E8F52EF3229FB30A0082423C /* GiphyBrowserTests.swift */ = {isa = PBXFileReference; lastKnownFileType = sourcecode.swift; path = GiphyBrowserTests.swift; sourceTree = "<group>"; };
		E8F52EF5229FB30A0082423C /* Info.plist */ = {isa = PBXFileReference; lastKnownFileType = text.plist.xml; path = Info.plist; sourceTree = "<group>"; };
		E8F52EFE229FB35F0082423C /* BrowserViewController.swift */ = {isa = PBXFileReference; lastKnownFileType = sourcecode.swift; path = BrowserViewController.swift; sourceTree = "<group>"; };
		E8F52F03229FB4340082423C /* GiphyImagesFetcher.swift */ = {isa = PBXFileReference; lastKnownFileType = sourcecode.swift; path = GiphyImagesFetcher.swift; sourceTree = "<group>"; };
		E8F52F05229FB45D0082423C /* ImagesFetcher.swift */ = {isa = PBXFileReference; lastKnownFileType = sourcecode.swift; path = ImagesFetcher.swift; sourceTree = "<group>"; };
		E8F52F08229FB4C20082423C /* GifImage.swift */ = {isa = PBXFileReference; lastKnownFileType = sourcecode.swift; path = GifImage.swift; sourceTree = "<group>"; };
		E8F52F0B229FB58A0082423C /* ImagesResponse.swift */ = {isa = PBXFileReference; lastKnownFileType = sourcecode.swift; path = ImagesResponse.swift; sourceTree = "<group>"; };
		E8F52F12229FB9FE0082423C /* HttpRequest.swift */ = {isa = PBXFileReference; lastKnownFileType = sourcecode.swift; path = HttpRequest.swift; sourceTree = "<group>"; };
		E8F52F14229FBA070082423C /* HttpService.swift */ = {isa = PBXFileReference; lastKnownFileType = sourcecode.swift; path = HttpService.swift; sourceTree = "<group>"; };
		E8F52F19229FC2280082423C /* BrowserInteractor.swift */ = {isa = PBXFileReference; lastKnownFileType = sourcecode.swift; path = BrowserInteractor.swift; sourceTree = "<group>"; };
		E8F52F1C229FC26A0082423C /* BrowserBuilder.swift */ = {isa = PBXFileReference; lastKnownFileType = sourcecode.swift; path = BrowserBuilder.swift; sourceTree = "<group>"; };
/* End PBXFileReference section */

/* Begin PBXFrameworksBuildPhase section */
		E8F52ED8229FB3090082423C /* Frameworks */ = {
			isa = PBXFrameworksBuildPhase;
			buildActionMask = 2147483647;
			files = (
				E8A22C3C229FD95600F376C7 /* SwiftyGif.framework in Frameworks */,
			);
			runOnlyForDeploymentPostprocessing = 0;
		};
		E8F52EEC229FB30A0082423C /* Frameworks */ = {
			isa = PBXFrameworksBuildPhase;
			buildActionMask = 2147483647;
			files = (
			);
			runOnlyForDeploymentPostprocessing = 0;
		};
/* End PBXFrameworksBuildPhase section */

/* Begin PBXGroup section */
		E8A22C3A229FD94500F376C7 /* Frameworks */ = {
			isa = PBXGroup;
			children = (
				E8A22C3B229FD95600F376C7 /* SwiftyGif.framework */,
			);
			name = Frameworks;
			sourceTree = "<group>";
		};
		E8B56A61229FCAE800E1908D /* Extensions */ = {
			isa = PBXGroup;
			children = (
				E8B56A62229FCAFF00E1908D /* UICollectionViewCell+reuseIdentifier.swift */,
			);
			path = Extensions;
			sourceTree = "<group>";
		};
		E8B56A65229FD2D900E1908D /* View */ = {
			isa = PBXGroup;
			children = (
				E8B56A67229FD2F400E1908D /* ImageDetailsViewController.swift */,
			);
			path = View;
			sourceTree = "<group>";
		};
		E8B56A66229FD2DD00E1908D /* Interactor */ = {
			isa = PBXGroup;
			children = (
				E8A22C36229FD5D300F376C7 /* ImageDetailsInteractor.swift */,
			);
			path = Interactor;
			sourceTree = "<group>";
		};
		E8B56A69229FD34C00E1908D /* Builder */ = {
			isa = PBXGroup;
			children = (
				E8B56A6A229FD35F00E1908D /* ImageDetailsBuilder.swift */,
			);
			path = Builder;
			sourceTree = "<group>";
		};
		E8B56A6C229FD39A00E1908D /* Router */ = {
			isa = PBXGroup;
			children = (
				E8B56A6D229FD3A900E1908D /* BrowserRouter.swift */,
			);
			path = Router;
			sourceTree = "<group>";
		};
		E8EAF989229FCA8700532A11 /* Cells */ = {
			isa = PBXGroup;
			children = (
				E8EAF98A229FCA9000532A11 /* BrowserImageCell.swift */,
			);
			path = Cells;
			sourceTree = "<group>";
		};
		E8F52ED2229FB3090082423C = {
			isa = PBXGroup;
			children = (
				E8A22C38229FD8C700F376C7 /* Cartfile */,
				E8F52EDD229FB3090082423C /* GiphyBrowser */,
				E8F52EF2229FB30A0082423C /* GiphyBrowserTests */,
				E8A22C3A229FD94500F376C7 /* Frameworks */,
				E8F52EDC229FB3090082423C /* Products */,
			);
			sourceTree = "<group>";
		};
		E8F52EDC229FB3090082423C /* Products */ = {
			isa = PBXGroup;
			children = (
				E8F52EDB229FB3090082423C /* GiphyBrowser.app */,
				E8F52EEF229FB30A0082423C /* GiphyBrowserTests.xctest */,
			);
			name = Products;
			sourceTree = "<group>";
		};
		E8F52EDD229FB3090082423C /* GiphyBrowser */ = {
			isa = PBXGroup;
			children = (
				E8F52F02229FB3F40082423C /* API */,
				E8F52F00229FB3640082423C /* Browser */,
				E8F52F01229FB3750082423C /* Details */,
				E8B56A61229FCAE800E1908D /* Extensions */,
				E8F52EDE229FB3090082423C /* AppDelegate.swift */,
				E8F52EE5229FB30A0082423C /* Assets.xcassets */,
				E8F52EE7229FB30A0082423C /* LaunchScreen.storyboard */,
				E8F52EEA229FB30A0082423C /* Info.plist */,
			);
			path = GiphyBrowser;
			sourceTree = "<group>";
		};
		E8F52EF2229FB30A0082423C /* GiphyBrowserTests */ = {
			isa = PBXGroup;
			children = (
				E8F52EF3229FB30A0082423C /* GiphyBrowserTests.swift */,
				E8F52EF5229FB30A0082423C /* Info.plist */,
			);
			path = GiphyBrowserTests;
			sourceTree = "<group>";
		};
		E8F52F00229FB3640082423C /* Browser */ = {
			isa = PBXGroup;
			children = (
				E8F52F1B229FC2420082423C /* Builder */,
				E8B56A6C229FD39A00E1908D /* Router */,
				E8F52F18229FC21B0082423C /* Interactor */,
				E8F52F16229FC1870082423C /* View */,
			);
			path = Browser;
			sourceTree = "<group>";
		};
		E8F52F01229FB3750082423C /* Details */ = {
			isa = PBXGroup;
			children = (
				E8B56A69229FD34C00E1908D /* Builder */,
				E8B56A66229FD2DD00E1908D /* Interactor */,
				E8B56A65229FD2D900E1908D /* View */,
			);
			path = Details;
			sourceTree = "<group>";
		};
		E8F52F02229FB3F40082423C /* API */ = {
			isa = PBXGroup;
			children = (
				E8F52F0F229FB7870082423C /* Core */,
				E8F52F07229FB4AE0082423C /* Data */,
				E8F52F05229FB45D0082423C /* ImagesFetcher.swift */,
				E8F52F03229FB4340082423C /* GiphyImagesFetcher.swift */,
			);
			path = API;
			sourceTree = "<group>";
		};
		E8F52F07229FB4AE0082423C /* Data */ = {
			isa = PBXGroup;
			children = (
				E8F52F08229FB4C20082423C /* GifImage.swift */,
				E8F52F0B229FB58A0082423C /* ImagesResponse.swift */,
			);
			path = Data;
			sourceTree = "<group>";
		};
		E8F52F0F229FB7870082423C /* Core */ = {
			isa = PBXGroup;
			children = (
				E8F52F12229FB9FE0082423C /* HttpRequest.swift */,
				E8F52F14229FBA070082423C /* HttpService.swift */,
			);
			path = Core;
			sourceTree = "<group>";
		};
		E8F52F16229FC1870082423C /* View */ = {
			isa = PBXGroup;
			children = (
				E8EAF989229FCA8700532A11 /* Cells */,
				E8F52EFE229FB35F0082423C /* BrowserViewController.swift */,
			);
			path = View;
			sourceTree = "<group>";
		};
		E8F52F18229FC21B0082423C /* Interactor */ = {
			isa = PBXGroup;
			children = (
				E8F52F19229FC2280082423C /* BrowserInteractor.swift */,
			);
			path = Interactor;
			sourceTree = "<group>";
		};
		E8F52F1B229FC2420082423C /* Builder */ = {
			isa = PBXGroup;
			children = (
				E8F52F1C229FC26A0082423C /* BrowserBuilder.swift */,
			);
			path = Builder;
			sourceTree = "<group>";
		};
/* End PBXGroup section */

/* Begin PBXNativeTarget section */
		E8F52EDA229FB3090082423C /* GiphyBrowser */ = {
			isa = PBXNativeTarget;
			buildConfigurationList = E8F52EF8229FB30A0082423C /* Build configuration list for PBXNativeTarget "GiphyBrowser" */;
			buildPhases = (
				E8F52ED7229FB3090082423C /* Sources */,
				E8F52ED8229FB3090082423C /* Frameworks */,
				E8F52ED9229FB3090082423C /* Resources */,
				E8A22C3F229FD95900F376C7 /* Embed Frameworks */,
				E8A22C40229FD96500F376C7 /* CopyFiles */,
				E8A22C41229FD97700F376C7 /* ShellScript */,
			);
			buildRules = (
			);
			dependencies = (
			);
			name = GiphyBrowser;
			productName = GiphyBrowser;
			productReference = E8F52EDB229FB3090082423C /* GiphyBrowser.app */;
			productType = "com.apple.product-type.application";
		};
		E8F52EEE229FB30A0082423C /* GiphyBrowserTests */ = {
			isa = PBXNativeTarget;
			buildConfigurationList = E8F52EFB229FB30A0082423C /* Build configuration list for PBXNativeTarget "GiphyBrowserTests" */;
			buildPhases = (
				E8F52EEB229FB30A0082423C /* Sources */,
				E8F52EEC229FB30A0082423C /* Frameworks */,
				E8F52EED229FB30A0082423C /* Resources */,
			);
			buildRules = (
			);
			dependencies = (
				E8F52EF1229FB30A0082423C /* PBXTargetDependency */,
			);
			name = GiphyBrowserTests;
			productName = GiphyBrowserTests;
			productReference = E8F52EEF229FB30A0082423C /* GiphyBrowserTests.xctest */;
			productType = "com.apple.product-type.bundle.unit-test";
		};
/* End PBXNativeTarget section */

/* Begin PBXProject section */
		E8F52ED3229FB3090082423C /* Project object */ = {
			isa = PBXProject;
			attributes = {
				LastSwiftUpdateCheck = 1020;
				LastUpgradeCheck = 1020;
				TargetAttributes = {
					E8F52EDA229FB3090082423C = {
						CreatedOnToolsVersion = 10.2.1;
					};
					E8F52EEE229FB30A0082423C = {
						CreatedOnToolsVersion = 10.2.1;
						TestTargetID = E8F52EDA229FB3090082423C;
					};
				};
			};
			buildConfigurationList = E8F52ED6229FB3090082423C /* Build configuration list for PBXProject "GiphyBrowser" */;
			compatibilityVersion = "Xcode 9.3";
			developmentRegion = en;
			hasScannedForEncodings = 0;
			knownRegions = (
				en,
				Base,
			);
			mainGroup = E8F52ED2229FB3090082423C;
			productRefGroup = E8F52EDC229FB3090082423C /* Products */;
			projectDirPath = "";
			projectRoot = "";
			targets = (
				E8F52EDA229FB3090082423C /* GiphyBrowser */,
				E8F52EEE229FB30A0082423C /* GiphyBrowserTests */,
			);
		};
/* End PBXProject section */

/* Begin PBXResourcesBuildPhase section */
		E8F52ED9229FB3090082423C /* Resources */ = {
			isa = PBXResourcesBuildPhase;
			buildActionMask = 2147483647;
			files = (
				E8A22C39229FD8C700F376C7 /* Cartfile in Resources */,
				E8F52EE9229FB30A0082423C /* LaunchScreen.storyboard in Resources */,
				E8F52EE6229FB30A0082423C /* Assets.xcassets in Resources */,
			);
			runOnlyForDeploymentPostprocessing = 0;
		};
		E8F52EED229FB30A0082423C /* Resources */ = {
			isa = PBXResourcesBuildPhase;
			buildActionMask = 2147483647;
			files = (
			);
			runOnlyForDeploymentPostprocessing = 0;
		};
/* End PBXResourcesBuildPhase section */

/* Begin PBXShellScriptBuildPhase section */
		E8A22C41229FD97700F376C7 /* ShellScript */ = {
			isa = PBXShellScriptBuildPhase;
			buildActionMask = 2147483647;
			files = (
			);
			inputFileListPaths = (
			);
			inputPaths = (
			);
			outputFileListPaths = (
			);
			outputPaths = (
			);
			runOnlyForDeploymentPostprocessing = 0;
			shellPath = /bin/sh;
			shellScript = "# Type a script or drag a script file from your workspace to insert its path.\n/usr/local/bin/carthage copy-frameworks\n";
		};
/* End PBXShellScriptBuildPhase section */

/* Begin PBXSourcesBuildPhase section */
		E8F52ED7229FB3090082423C /* Sources */ = {
			isa = PBXSourcesBuildPhase;
			buildActionMask = 2147483647;
			files = (
				E8B56A68229FD2F400E1908D /* ImageDetailsViewController.swift in Sources */,
				E8B56A63229FCAFF00E1908D /* UICollectionViewCell+reuseIdentifier.swift in Sources */,
				E8F52EDF229FB3090082423C /* AppDelegate.swift in Sources */,
				E8F52F04229FB4340082423C /* GiphyImagesFetcher.swift in Sources */,
				E8B56A6B229FD35F00E1908D /* ImageDetailsBuilder.swift in Sources */,
				E8F52F0C229FB58A0082423C /* ImagesResponse.swift in Sources */,
				E8F52F1A229FC2280082423C /* BrowserInteractor.swift in Sources */,
				E8EAF98B229FCA9000532A11 /* BrowserImageCell.swift in Sources */,
				E8F52F1D229FC26A0082423C /* BrowserBuilder.swift in Sources */,
				E8B56A6E229FD3A900E1908D /* BrowserRouter.swift in Sources */,
				E8F52F06229FB45D0082423C /* ImagesFetcher.swift in Sources */,
				E8A22C37229FD5D300F376C7 /* ImageDetailsInteractor.swift in Sources */,
				E8F52F15229FBA070082423C /* HttpService.swift in Sources */,
				E8F52F13229FB9FE0082423C /* HttpRequest.swift in Sources */,
				E8F52EFF229FB35F0082423C /* BrowserViewController.swift in Sources */,
				E8F52F09229FB4C20082423C /* GifImage.swift in Sources */,
			);
			runOnlyForDeploymentPostprocessing = 0;
		};
		E8F52EEB229FB30A0082423C /* Sources */ = {
			isa = PBXSourcesBuildPhase;
			buildActionMask = 2147483647;
			files = (
				E8F52EF4229FB30A0082423C /* GiphyBrowserTests.swift in Sources */,
			);
			runOnlyForDeploymentPostprocessing = 0;
		};
/* End PBXSourcesBuildPhase section */

/* Begin PBXTargetDependency section */
		E8F52EF1229FB30A0082423C /* PBXTargetDependency */ = {
			isa = PBXTargetDependency;
			target = E8F52EDA229FB3090082423C /* GiphyBrowser */;
			targetProxy = E8F52EF0229FB30A0082423C /* PBXContainerItemProxy */;
		};
/* End PBXTargetDependency section */

/* Begin PBXVariantGroup section */
		E8F52EE7229FB30A0082423C /* LaunchScreen.storyboard */ = {
			isa = PBXVariantGroup;
			children = (
				E8F52EE8229FB30A0082423C /* Base */,
			);
			name = LaunchScreen.storyboard;
			sourceTree = "<group>";
		};
/* End PBXVariantGroup section */

/* Begin XCBuildConfiguration section */
		E8F52EF6229FB30A0082423C /* Debug */ = {
			isa = XCBuildConfiguration;
			buildSettings = {
				ALWAYS_SEARCH_USER_PATHS = NO;
				CLANG_ANALYZER_NONNULL = YES;
				CLANG_ANALYZER_NUMBER_OBJECT_CONVERSION = YES_AGGRESSIVE;
				CLANG_CXX_LANGUAGE_STANDARD = "gnu++14";
				CLANG_CXX_LIBRARY = "libc++";
				CLANG_ENABLE_MODULES = YES;
				CLANG_ENABLE_OBJC_ARC = YES;
				CLANG_ENABLE_OBJC_WEAK = YES;
				CLANG_WARN_BLOCK_CAPTURE_AUTORELEASING = YES;
				CLANG_WARN_BOOL_CONVERSION = YES;
				CLANG_WARN_COMMA = YES;
				CLANG_WARN_CONSTANT_CONVERSION = YES;
				CLANG_WARN_DEPRECATED_OBJC_IMPLEMENTATIONS = YES;
				CLANG_WARN_DIRECT_OBJC_ISA_USAGE = YES_ERROR;
				CLANG_WARN_DOCUMENTATION_COMMENTS = YES;
				CLANG_WARN_EMPTY_BODY = YES;
				CLANG_WARN_ENUM_CONVERSION = YES;
				CLANG_WARN_INFINITE_RECURSION = YES;
				CLANG_WARN_INT_CONVERSION = YES;
				CLANG_WARN_NON_LITERAL_NULL_CONVERSION = YES;
				CLANG_WARN_OBJC_IMPLICIT_RETAIN_SELF = YES;
				CLANG_WARN_OBJC_LITERAL_CONVERSION = YES;
				CLANG_WARN_OBJC_ROOT_CLASS = YES_ERROR;
				CLANG_WARN_RANGE_LOOP_ANALYSIS = YES;
				CLANG_WARN_STRICT_PROTOTYPES = YES;
				CLANG_WARN_SUSPICIOUS_MOVE = YES;
				CLANG_WARN_UNGUARDED_AVAILABILITY = YES_AGGRESSIVE;
				CLANG_WARN_UNREACHABLE_CODE = YES;
				CLANG_WARN__DUPLICATE_METHOD_MATCH = YES;
				CODE_SIGN_IDENTITY = "iPhone Developer";
				COPY_PHASE_STRIP = NO;
				DEBUG_INFORMATION_FORMAT = dwarf;
				ENABLE_STRICT_OBJC_MSGSEND = YES;
				ENABLE_TESTABILITY = YES;
				GCC_C_LANGUAGE_STANDARD = gnu11;
				GCC_DYNAMIC_NO_PIC = NO;
				GCC_NO_COMMON_BLOCKS = YES;
				GCC_OPTIMIZATION_LEVEL = 0;
				GCC_PREPROCESSOR_DEFINITIONS = (
					"DEBUG=1",
					"$(inherited)",
				);
				GCC_WARN_64_TO_32_BIT_CONVERSION = YES;
				GCC_WARN_ABOUT_RETURN_TYPE = YES_ERROR;
				GCC_WARN_UNDECLARED_SELECTOR = YES;
				GCC_WARN_UNINITIALIZED_AUTOS = YES_AGGRESSIVE;
				GCC_WARN_UNUSED_FUNCTION = YES;
				GCC_WARN_UNUSED_VARIABLE = YES;
				IPHONEOS_DEPLOYMENT_TARGET = 12.2;
				MTL_ENABLE_DEBUG_INFO = INCLUDE_SOURCE;
				MTL_FAST_MATH = YES;
				ONLY_ACTIVE_ARCH = YES;
				SDKROOT = iphoneos;
				SWIFT_ACTIVE_COMPILATION_CONDITIONS = DEBUG;
				SWIFT_OPTIMIZATION_LEVEL = "-Onone";
			};
			name = Debug;
		};
		E8F52EF7229FB30A0082423C /* Release */ = {
			isa = XCBuildConfiguration;
			buildSettings = {
				ALWAYS_SEARCH_USER_PATHS = NO;
				CLANG_ANALYZER_NONNULL = YES;
				CLANG_ANALYZER_NUMBER_OBJECT_CONVERSION = YES_AGGRESSIVE;
				CLANG_CXX_LANGUAGE_STANDARD = "gnu++14";
				CLANG_CXX_LIBRARY = "libc++";
				CLANG_ENABLE_MODULES = YES;
				CLANG_ENABLE_OBJC_ARC = YES;
				CLANG_ENABLE_OBJC_WEAK = YES;
				CLANG_WARN_BLOCK_CAPTURE_AUTORELEASING = YES;
				CLANG_WARN_BOOL_CONVERSION = YES;
				CLANG_WARN_COMMA = YES;
				CLANG_WARN_CONSTANT_CONVERSION = YES;
				CLANG_WARN_DEPRECATED_OBJC_IMPLEMENTATIONS = YES;
				CLANG_WARN_DIRECT_OBJC_ISA_USAGE = YES_ERROR;
				CLANG_WARN_DOCUMENTATION_COMMENTS = YES;
				CLANG_WARN_EMPTY_BODY = YES;
				CLANG_WARN_ENUM_CONVERSION = YES;
				CLANG_WARN_INFINITE_RECURSION = YES;
				CLANG_WARN_INT_CONVERSION = YES;
				CLANG_WARN_NON_LITERAL_NULL_CONVERSION = YES;
				CLANG_WARN_OBJC_IMPLICIT_RETAIN_SELF = YES;
				CLANG_WARN_OBJC_LITERAL_CONVERSION = YES;
				CLANG_WARN_OBJC_ROOT_CLASS = YES_ERROR;
				CLANG_WARN_RANGE_LOOP_ANALYSIS = YES;
				CLANG_WARN_STRICT_PROTOTYPES = YES;
				CLANG_WARN_SUSPICIOUS_MOVE = YES;
				CLANG_WARN_UNGUARDED_AVAILABILITY = YES_AGGRESSIVE;
				CLANG_WARN_UNREACHABLE_CODE = YES;
				CLANG_WARN__DUPLICATE_METHOD_MATCH = YES;
				CODE_SIGN_IDENTITY = "iPhone Developer";
				COPY_PHASE_STRIP = NO;
				DEBUG_INFORMATION_FORMAT = "dwarf-with-dsym";
				ENABLE_NS_ASSERTIONS = NO;
				ENABLE_STRICT_OBJC_MSGSEND = YES;
				GCC_C_LANGUAGE_STANDARD = gnu11;
				GCC_NO_COMMON_BLOCKS = YES;
				GCC_WARN_64_TO_32_BIT_CONVERSION = YES;
				GCC_WARN_ABOUT_RETURN_TYPE = YES_ERROR;
				GCC_WARN_UNDECLARED_SELECTOR = YES;
				GCC_WARN_UNINITIALIZED_AUTOS = YES_AGGRESSIVE;
				GCC_WARN_UNUSED_FUNCTION = YES;
				GCC_WARN_UNUSED_VARIABLE = YES;
				IPHONEOS_DEPLOYMENT_TARGET = 12.2;
				MTL_ENABLE_DEBUG_INFO = NO;
				MTL_FAST_MATH = YES;
				SDKROOT = iphoneos;
				SWIFT_COMPILATION_MODE = wholemodule;
				SWIFT_OPTIMIZATION_LEVEL = "-O";
				VALIDATE_PRODUCT = YES;
			};
			name = Release;
		};
		E8F52EF9229FB30A0082423C /* Debug */ = {
			isa = XCBuildConfiguration;
			buildSettings = {
				ASSETCATALOG_COMPILER_APPICON_NAME = AppIcon;
				CODE_SIGN_STYLE = Automatic;
				FRAMEWORK_SEARCH_PATHS = (
					"$(inherited)",
					"$(PROJECT_DIR)/Carthage/Build/iOS",
				);
				INFOPLIST_FILE = GiphyBrowser/Info.plist;
				LD_RUNPATH_SEARCH_PATHS = (
					"$(inherited)",
					"@executable_path/Frameworks",
				);
				PRODUCT_BUNDLE_IDENTIFIER = com.ashuba.GiphyBrowser;
				PRODUCT_NAME = "$(TARGET_NAME)";
				SWIFT_VERSION = 5.0;
				TARGETED_DEVICE_FAMILY = "1,2";
			};
			name = Debug;
		};
		E8F52EFA229FB30A0082423C /* Release */ = {
			isa = XCBuildConfiguration;
			buildSettings = {
				ASSETCATALOG_COMPILER_APPICON_NAME = AppIcon;
				CODE_SIGN_STYLE = Automatic;
				FRAMEWORK_SEARCH_PATHS = (
					"$(inherited)",
					"$(PROJECT_DIR)/Carthage/Build/iOS",
				);
				INFOPLIST_FILE = GiphyBrowser/Info.plist;
				LD_RUNPATH_SEARCH_PATHS = (
					"$(inherited)",
					"@executable_path/Frameworks",
				);
				PRODUCT_BUNDLE_IDENTIFIER = com.ashuba.GiphyBrowser;
				PRODUCT_NAME = "$(TARGET_NAME)";
				SWIFT_VERSION = 5.0;
				TARGETED_DEVICE_FAMILY = "1,2";
			};
			name = Release;
		};
		E8F52EFC229FB30A0082423C /* Debug */ = {
			isa = XCBuildConfiguration;
			buildSettings = {
				ALWAYS_EMBED_SWIFT_STANDARD_LIBRARIES = YES;
				BUNDLE_LOADER = "$(TEST_HOST)";
				CODE_SIGN_STYLE = Automatic;
				INFOPLIST_FILE = GiphyBrowserTests/Info.plist;
				LD_RUNPATH_SEARCH_PATHS = (
					"$(inherited)",
					"@executable_path/Frameworks",
					"@loader_path/Frameworks",
				);
				PRODUCT_BUNDLE_IDENTIFIER = com.ashuba.GiphyBrowserTests;
				PRODUCT_NAME = "$(TARGET_NAME)";
				SWIFT_VERSION = 5.0;
				TARGETED_DEVICE_FAMILY = "1,2";
				TEST_HOST = "$(BUILT_PRODUCTS_DIR)/GiphyBrowser.app/GiphyBrowser";
			};
			name = Debug;
		};
		E8F52EFD229FB30A0082423C /* Release */ = {
			isa = XCBuildConfiguration;
			buildSettings = {
				ALWAYS_EMBED_SWIFT_STANDARD_LIBRARIES = YES;
				BUNDLE_LOADER = "$(TEST_HOST)";
				CODE_SIGN_STYLE = Automatic;
				INFOPLIST_FILE = GiphyBrowserTests/Info.plist;
				LD_RUNPATH_SEARCH_PATHS = (
					"$(inherited)",
					"@executable_path/Frameworks",
					"@loader_path/Frameworks",
				);
				PRODUCT_BUNDLE_IDENTIFIER = com.ashuba.GiphyBrowserTests;
				PRODUCT_NAME = "$(TARGET_NAME)";
				SWIFT_VERSION = 5.0;
				TARGETED_DEVICE_FAMILY = "1,2";
				TEST_HOST = "$(BUILT_PRODUCTS_DIR)/GiphyBrowser.app/GiphyBrowser";
			};
			name = Release;
		};
/* End XCBuildConfiguration section */

/* Begin XCConfigurationList section */
		E8F52ED6229FB3090082423C /* Build configuration list for PBXProject "GiphyBrowser" */ = {
			isa = XCConfigurationList;
			buildConfigurations = (
				E8F52EF6229FB30A0082423C /* Debug */,
				E8F52EF7229FB30A0082423C /* Release */,
			);
			defaultConfigurationIsVisible = 0;
			defaultConfigurationName = Release;
		};
		E8F52EF8229FB30A0082423C /* Build configuration list for PBXNativeTarget "GiphyBrowser" */ = {
			isa = XCConfigurationList;
			buildConfigurations = (
				E8F52EF9229FB30A0082423C /* Debug */,
				E8F52EFA229FB30A0082423C /* Release */,
			);
			defaultConfigurationIsVisible = 0;
			defaultConfigurationName = Release;
		};
		E8F52EFB229FB30A0082423C /* Build configuration list for PBXNativeTarget "GiphyBrowserTests" */ = {
			isa = XCConfigurationList;
			buildConfigurations = (
				E8F52EFC229FB30A0082423C /* Debug */,
				E8F52EFD229FB30A0082423C /* Release */,
			);
			defaultConfigurationIsVisible = 0;
			defaultConfigurationName = Release;
		};
/* End XCConfigurationList section */
	};
	rootObject = E8F52ED3229FB3090082423C /* Project object */;
}
